{
  "name": "superdev",
  "version": "0.2.0",
  "lockfileVersion": 3,
  "requires": true,
  "packages": {
    "": {
      "name": "superdev",
      "version": "0.2.0",
      "license": "Apache-2.0",
      "dependencies": {
        "@tursodatabase/database": "0.7.1"
      },
      "engines": {
        "node": ">=20"
      }
    },
    "node_modules/@tursodatabase/database": {
      "version": "0.7.1",
      "resolved": "https://registry.npmjs.org/@tursodatabase/database/-/database-0.7.1.tgz",
      "integrity": "sha512-RPEkpAoxKk0aY8spsUpT0MID7AUq7CHnqHOkA0zTG546XPkP/mkkQr1ZwpUer69z4BItSaDq+OQ3XrxVOFfsHg==",
      "license": "MIT",
      "dependencies": {
        "@tursodatabase/database-common": "^0.7.1"
      },
      "optionalDependencies": {
        "@tursodatabase/database-darwin-arm64": "0.7.1",
        "@tursodatabase/database-linux-arm64-gnu": "0.7.1",
        "@tursodatabase/database-linux-x64-gnu": "0.7.1",
        "@tursodatabase/database-win32-x64-msvc": "0.7.1"
      }
    },
    "node_modules/@tursodatabase/database-common": {
      "version": "0.7.1",
      "resolved": "https://registry.npmjs.org/@tursodatabase/database-common/-/database-common-0.7.1.tgz",
      "integrity": "sha512-tyEKiRJDZSqLTbJQYhvY9Q2pGbBMwhKb8YS5T9TNOaDy1HvZMDbiypYqvtBw04f02QladUIsmpVBlsmFDb+RFA==",
      "license": "MIT"
    },
    "node_modules/@tursodatabase/database-darwin-arm64": {
      "version": "0.7.1",
      "resolved": "https://registry.npmjs.org/@tursodatabase/database-darwin-arm64/-/database-darwin-arm64-0.7.1.tgz",
      "integrity": "sha512-lTki3P+yH5GawkBL2zmc0hU7nJQ92WCiKlb3XDfRpkX6UukwmnuAZAYM0oWK5rbOzBd0plZUGdItZGjwM+lPPw==",
      "cpu": [
        "arm64"
      ],
      "license": "MIT",
      "optional": true,
      "os": [
        "darwin"
      ]
    },
    "node_modules/@tursodatabase/database-linux-arm64-gnu": {
      "version": "0.7.1",
      "resolved": "https://registry.npmjs.org/@tursodatabase/database-linux-arm64-gnu/-/database-linux-arm64-gnu-0.7.1.tgz",
      "integrity": "sha512-28dQmMUm1Nzvc2B6lRz6sbIRt5bJBVrnRdy2LpEUnYbU1aTvgLsUgfl4NQONbaaKTGzeKdxe8wONjfwkPbgsaA==",
      "cpu": [
        "arm64"
      ],
      "license": "MIT",
      "optional": true,
      "os": [
        "linux"
      ]
    },
    "node_modules/@tursodatabase/database-linux-x64-gnu": {
      "version": "0.7.1",
      "resolved": "https://registry.npmjs.org/@tursodatabase/database-linux-x64-gnu/-/database-linux-x64-gnu-0.7.1.tgz",
      "integrity": "sha512-8gENsVswYpwNeuRv/MQJ+aqqT0cwRaDxoaPCeST4IDfzLihl8C5qOrzqJ315pEOCquMKQNVsH8EGPmdjJd7l4g==",
      "cpu": [
        "x64"
      ],
      "license": "MIT",
      "optional": true,
      "os": [
        "linux"
      ]
    },
    "node_modules/@tursodatabase/database-win32-x64-msvc": {
      "version": "0.7.1",
      "resolved": "https://registry.npmjs.org/@tursodatabase/database-win32-x64-msvc/-/database-win32-x64-msvc-0.7.1.tgz",
      "integrity": "sha512-+O3k4VPTlgOvzcRfogep8Tsf6MjwZ9BAzC7QD2QAIYZUvraqcXvv+dZTgZnkRJ6XI5Fu/3ePr8a6SkqbXjhoMA==",
      "cpu": [
        "x64"
      ],
      "license": "MIT",
      "optional": true,
      "os": [
        "win32"
      ]
    }
  }
}
